
Microsoft Visual Studio Solution File, Format Version 12.00
# Visual Studio Version 17
VisualStudioVersion = 17.9.34728.123
MinimumVisualStudioVersion = 10.0.40219.1
Project("{FAE04EC0-301F-11D3-BF4B-00C04F79EFBC}") = "WebApplication7", "WebApplication7.csproj", "{A2A668E7-21BB-4DFF-BAA6-546D81097031}"
EndProject
Global
	GlobalSection(SolutionConfigurationPlatforms) = preSolution
		Debug|Any CPU = Debug|Any CPU
		Release|Any CPU = Release|Any CPU
	EndGlobalSection
	GlobalSection(ProjectConfigurationPlatforms) = postSolution
		{A2A668E7-21BB-4DFF-BAA6-546D81097031}.Debug|Any CPU.ActiveCfg = Debug|Any CPU
		{A2A668E7-21BB-4DFF-BAA6-546D81097031}.Debug|Any CPU.Build.0 = Debug|Any CPU
		{A2A668E7-21BB-4DFF-BAA6-546D81097031}.Release|Any CPU.ActiveCfg = Release|Any CPU
		{A2A668E7-21BB-4DFF-BAA6-546D81097031}.Release|Any CPU.Build.0 = Release|Any CPU
	EndGlobalSection
	GlobalSection(SolutionProperties) = preSolution
		HideSolutionNode = FALSE
	EndGlobalSection
	GlobalSection(ExtensibilityGlobals) = postSolution
		SolutionGuid = {3FBF7890-6C5D-4459-8E93-3D820A9DA072}
	EndGlobalSection
EndGlobal
